
Microsoft Visual Studio Solution File, Format Version 12.00
# Visual Studio 15
VisualStudioVersion = 15.0.26124.0
MinimumVisualStudioVersion = 15.0.26124.0
Project("{2150E333-8FDC-42A3-9474-1A3956D46DE8}") = "src", "src", "{DA790EA9-BA2A-4C5D-AD15-6EC3D4A563C7}"
EndProject
Project("{FAE04EC0-301F-11D3-BF4B-00C04F79EFBC}") = "PlusUltra.OpenTracing.HttpPropagation", "src\PlusUltra.OpenTracing.HttpPropagation\PlusUltra.OpenTracing.HttpPropagation.csproj", "{FDF3B75E-EFE7-4CE0-BB30-2D8E08958745}"
EndProject
Project("{2150E333-8FDC-42A3-9474-1A3956D46DE8}") = "examples", "examples", "{26CD72C9-10CA-4341-A4A4-BBC90B7C25B5}"
EndProject
Project("{FAE04EC0-301F-11D3-BF4B-00C04F79EFBC}") = "Service1", "examples\Service1\Service1.csproj", "{5225E4B7-245A-4792-9614-3750F1F8E64D}"
EndProject
Project("{FAE04EC0-301F-11D3-BF4B-00C04F79EFBC}") = "Service2", "examples\Service2\Service2.csproj", "{BE390725-7C31-49C0-8130-F07752221090}"
EndProject
Global
	GlobalSection(SolutionConfigurationPlatforms) = preSolution
		Debug|Any CPU = Debug|Any CPU
		Debug|x64 = Debug|x64
		Debug|x86 = Debug|x86
		Release|Any CPU = Release|Any CPU
		Release|x64 = Release|x64
		Release|x86 = Release|x86
	EndGlobalSection
	GlobalSection(SolutionProperties) = preSolution
		HideSolutionNode = FALSE
	EndGlobalSection
	GlobalSection(ProjectConfigurationPlatforms) = postSolution
		{FDF3B75E-EFE7-4CE0-BB30-2D8E08958745}.Debug|Any CPU.ActiveCfg = Debug|Any CPU
		{FDF3B75E-EFE7-4CE0-BB30-2D8E08958745}.Debug|Any CPU.Build.0 = Debug|Any CPU
		{FDF3B75E-EFE7-4CE0-BB30-2D8E08958745}.Debug|x64.ActiveCfg = Debug|Any CPU
		{FDF3B75E-EFE7-4CE0-BB30-2D8E08958745}.Debug|x64.Build.0 = Debug|Any CPU
		{FDF3B75E-EFE7-4CE0-BB30-2D8E08958745}.Debug|x86.ActiveCfg = Debug|Any CPU
		{FDF3B75E-EFE7-4CE0-BB30-2D8E08958745}.Debug|x86.Build.0 = Debug|Any CPU
		{FDF3B75E-EFE7-4CE0-BB30-2D8E08958745}.Release|Any CPU.ActiveCfg = Release|Any CPU
		{FDF3B75E-EFE7-4CE0-BB30-2D8E08958745}.Release|Any CPU.Build.0 = Release|Any CPU
		{FDF3B75E-EFE7-4CE0-BB30-2D8E08958745}.Release|x64.ActiveCfg = Release|Any CPU
		{FDF3B75E-EFE7-4CE0-BB30-2D8E08958745}.Release|x64.Build.0 = Release|Any CPU
		{FDF3B75E-EFE7-4CE0-BB30-2D8E08958745}.Release|x86.ActiveCfg = Release|Any CPU
		{FDF3B75E-EFE7-4CE0-BB30-2D8E08958745}.Release|x86.Build.0 = Release|Any CPU
		{5225E4B7-245A-4792-9614-3750F1F8E64D}.Debug|Any CPU.ActiveCfg = Debug|Any CPU
		{5225E4B7-245A-4792-9614-3750F1F8E64D}.Debug|Any CPU.Build.0 = Debug|Any CPU
		{5225E4B7-245A-4792-9614-3750F1F8E64D}.Debug|x64.ActiveCfg = Debug|Any CPU
		{5225E4B7-245A-4792-9614-3750F1F8E64D}.Debug|x64.Build.0 = Debug|Any CPU
		{5225E4B7-245A-4792-9614-3750F1F8E64D}.Debug|x86.ActiveCfg = Debug|Any CPU
		{5225E4B7-245A-4792-9614-3750F1F8E64D}.Debug|x86.Build.0 = Debug|Any CPU
		{5225E4B7-245A-4792-9614-3750F1F8E64D}.Release|Any CPU.ActiveCfg = Release|Any CPU
		{5225E4B7-245A-4792-9614-3750F1F8E64D}.Release|Any CPU.Build.0 = Release|Any CPU
		{5225E4B7-245A-4792-9614-3750F1F8E64D}.Release|x64.ActiveCfg = Release|Any CPU
		{5225E4B7-245A-4792-9614-3750F1F8E64D}.Release|x64.Build.0 = Release|Any CPU
		{5225E4B7-245A-4792-9614-3750F1F8E64D}.Release|x86.ActiveCfg = Release|Any CPU
		{5225E4B7-245A-4792-9614-3750F1F8E64D}.Release|x86.Build.0 = Release|Any CPU
		{BE390725-7C31-49C0-8130-F07752221090}.Debug|Any CPU.ActiveCfg = Debug|Any CPU
		{BE390725-7C31-49C0-8130-F07752221090}.Debug|Any CPU.Build.0 = Debug|Any CPU
		{BE390725-7C31-49C0-8130-F07752221090}.Debug|x64.ActiveCfg = Debug|Any CPU
		{BE390725-7C31-49C0-8130-F07752221090}.Debug|x64.Build.0 = Debug|Any CPU
		{BE390725-7C31-49C0-8130-F07752221090}.Debug|x86.ActiveCfg = Debug|Any CPU
		{BE390725-7C31-49C0-8130-F07752221090}.Debug|x86.Build.0 = Debug|Any CPU
		{BE390725-7C31-49C0-8130-F07752221090}.Release|Any CPU.ActiveCfg = Release|Any CPU
		{BE390725-7C31-49C0-8130-F07752221090}.Release|Any CPU.Build.0 = Release|Any CPU
		{BE390725-7C31-49C0-8130-F07752221090}.Release|x64.ActiveCfg = Release|Any CPU
		{BE390725-7C31-49C0-8130-F07752221090}.Release|x64.Build.0 = Release|Any CPU
		{BE390725-7C31-49C0-8130-F07752221090}.Release|x86.ActiveCfg = Release|Any CPU
		{BE390725-7C31-49C0-8130-F07752221090}.Release|x86.Build.0 = Release|Any CPU
	EndGlobalSection
	GlobalSection(NestedProjects) = preSolution
		{FDF3B75E-EFE7-4CE0-BB30-2D8E08958745} = {DA790EA9-BA2A-4C5D-AD15-6EC3D4A563C7}
		{5225E4B7-245A-4792-9614-3750F1F8E64D} = {26CD72C9-10CA-4341-A4A4-BBC90B7C25B5}
		{BE390725-7C31-49C0-8130-F07752221090} = {26CD72C9-10CA-4341-A4A4-BBC90B7C25B5}
	EndGlobalSection
EndGlobal
